
Microsoft Visual Studio Solution File, Format Version 12.00
# Visual Studio Version 16
VisualStudioVersion = 16.0.33529.622
MinimumVisualStudioVersion = 10.0.40219.1
Project("{FAE04EC0-301F-11D3-BF4B-00C04F79EFBC}") = "QLNS", "QLNS.csproj", "{0F6B5EC3-4A92-4637-9297-A63C72555E45}"
EndProject
Global
	GlobalSection(SolutionConfigurationPlatforms) = preSolution
		Debug|Any CPU = Debug|Any CPU
		Release|Any CPU = Release|Any CPU
	EndGlobalSection
	GlobalSection(ProjectConfigurationPlatforms) = postSolution
		{0F6B5EC3-4A92-4637-9297-A63C72555E45}.Debug|Any CPU.ActiveCfg = Debug|Any CPU
		{0F6B5EC3-4A92-4637-9297-A63C72555E45}.Debug|Any CPU.Build.0 = Debug|Any CPU
		{0F6B5EC3-4A92-4637-9297-A63C72555E45}.Release|Any CPU.ActiveCfg = Release|Any CPU
		{0F6B5EC3-4A92-4637-9297-A63C72555E45}.Release|Any CPU.Build.0 = Release|Any CPU
	EndGlobalSection
	GlobalSection(SolutionProperties) = preSolution
		HideSolutionNode = FALSE
	EndGlobalSection
	GlobalSection(ExtensibilityGlobals) = postSolution
		SolutionGuid = {6115B9BC-05F3-421B-9A0D-2DA472D7EB05}
	EndGlobalSection
EndGlobal
